
Microsoft Visual Studio Solution File, Format Version 12.00
# Visual Studio Version 16
VisualStudioVersion = 16.0.31624.102
MinimumVisualStudioVersion = 10.0.40219.1
Project("{FAE04EC0-301F-11D3-BF4B-00C04F79EFBC}") = "ConsoleApp1", "ConsoleApp1\ConsoleApp1.csproj", "{C9B902E2-35F4-4D28-9E69-81D30987F954}"
EndProject
Project("{FAE04EC0-301F-11D3-BF4B-00C04F79EFBC}") = "MobileLib", "MobileLib\MobileLib.csproj", "{E7A94E26-6CB0-4ED1-8313-9D03E6B99FBD}"
EndProject
Project("{FAE04EC0-301F-11D3-BF4B-00C04F79EFBC}") = "day5", "day5\day5.csproj", "{D36868B1-189F-4183-A445-935DBA52597A}"
EndProject
Project("{FAE04EC0-301F-11D3-BF4B-00C04F79EFBC}") = "Demo", "Demo\Demo.csproj", "{5F2AB2EC-83F3-4FB6-A006-00E5AA9D6A57}"
EndProject
Project("{FAE04EC0-301F-11D3-BF4B-00C04F79EFBC}") = "day6", "day6\day6.csproj", "{2DD9F7F7-FA6B-4677-B1AD-142C41F01455}"
EndProject
Global
	GlobalSection(SolutionConfigurationPlatforms) = preSolution
		Debug|Any CPU = Debug|Any CPU
		Release|Any CPU = Release|Any CPU
	EndGlobalSection
	GlobalSection(ProjectConfigurationPlatforms) = postSolution
		{C9B902E2-35F4-4D28-9E69-81D30987F954}.Debug|Any CPU.ActiveCfg = Debug|Any CPU
		{C9B902E2-35F4-4D28-9E69-81D30987F954}.Debug|Any CPU.Build.0 = Debug|Any CPU
		{C9B902E2-35F4-4D28-9E69-81D30987F954}.Release|Any CPU.ActiveCfg = Release|Any CPU
		{C9B902E2-35F4-4D28-9E69-81D30987F954}.Release|Any CPU.Build.0 = Release|Any CPU
		{E7A94E26-6CB0-4ED1-8313-9D03E6B99FBD}.Debug|Any CPU.ActiveCfg = Debug|Any CPU
		{E7A94E26-6CB0-4ED1-8313-9D03E6B99FBD}.Debug|Any CPU.Build.0 = Debug|Any CPU
		{E7A94E26-6CB0-4ED1-8313-9D03E6B99FBD}.Release|Any CPU.ActiveCfg = Release|Any CPU
		{E7A94E26-6CB0-4ED1-8313-9D03E6B99FBD}.Release|Any CPU.Build.0 = Release|Any CPU
		{D36868B1-189F-4183-A445-935DBA52597A}.Debug|Any CPU.ActiveCfg = Debug|Any CPU
		{D36868B1-189F-4183-A445-935DBA52597A}.Debug|Any CPU.Build.0 = Debug|Any CPU
		{D36868B1-189F-4183-A445-935DBA52597A}.Release|Any CPU.ActiveCfg = Release|Any CPU
		{D36868B1-189F-4183-A445-935DBA52597A}.Release|Any CPU.Build.0 = Release|Any CPU
		{5F2AB2EC-83F3-4FB6-A006-00E5AA9D6A57}.Debug|Any CPU.ActiveCfg = Debug|Any CPU
		{5F2AB2EC-83F3-4FB6-A006-00E5AA9D6A57}.Debug|Any CPU.Build.0 = Debug|Any CPU
		{5F2AB2EC-83F3-4FB6-A006-00E5AA9D6A57}.Release|Any CPU.ActiveCfg = Release|Any CPU
		{5F2AB2EC-83F3-4FB6-A006-00E5AA9D6A57}.Release|Any CPU.Build.0 = Release|Any CPU
		{2DD9F7F7-FA6B-4677-B1AD-142C41F01455}.Debug|Any CPU.ActiveCfg = Debug|Any CPU
		{2DD9F7F7-FA6B-4677-B1AD-142C41F01455}.Debug|Any CPU.Build.0 = Debug|Any CPU
		{2DD9F7F7-FA6B-4677-B1AD-142C41F01455}.Release|Any CPU.ActiveCfg = Release|Any CPU
		{2DD9F7F7-FA6B-4677-B1AD-142C41F01455}.Release|Any CPU.Build.0 = Release|Any CPU
	EndGlobalSection
	GlobalSection(SolutionProperties) = preSolution
		HideSolutionNode = FALSE
	EndGlobalSection
	GlobalSection(ExtensibilityGlobals) = postSolution
		SolutionGuid = {5BE1DDC9-6712-43C1-8945-F266A109486B}
	EndGlobalSection
EndGlobal
